{
  "name": "vue3_admin_template",
  "lockfileVersion": 3,
  "requires": true,
  "packages": {
    "": {
      "dependencies": {
        "echarts": "^6.0.0",
        "echarts-liquidfill": "^3.1.0",
        "lodash": "^4.18.1",
        "moment": "^2.30.1"
      },
      "devDependencies": {
        "@types/lodash": "^4.17.24"
      }
    },
    "node_modules/@types/lodash": {
      "version": "4.17.24",
      "resolved": "https://registry.npmmirror.com/@types/lodash/-/lodash-4.17.24.tgz",
      "integrity": "sha512-gIW7lQLZbue7lRSWEFql49QJJWThrTFFeIMJdp3eH4tKoxm1OvEPg02rm4wCCSHS0cL3/Fizimb35b7k8atwsQ==",
      "dev": true,
      "license": "MIT"
    },
    "node_modules/echarts": {
      "version": "6.0.0",
      "resolved": "https://registry.npmmirror.com/echarts/-/echarts-6.0.0.tgz",
      "integrity": "sha512-Tte/grDQRiETQP4xz3iZWSvoHrkCQtwqd6hs+mifXcjrCuo2iKWbajFObuLJVBlDIJlOzgQPd1hsaKt/3+OMkQ==",
      "license": "Apache-2.0",
      "dependencies": {
        "tslib": "2.3.0",
        "zrender": "6.0.0"
      }
    },
    "node_modules/echarts-liquidfill": {
      "version": "3.1.0",
      "resolved": "https://registry.npmmirror.com/echarts-liquidfill/-/echarts-liquidfill-3.1.0.tgz",
      "integrity": "sha512-5Dlqs/jTsdTUAsd+K5LPLLTgrbbNORUSBQyk8PSy1Mg2zgHDWm83FmvA4s0ooNepCJojFYRITTQ4GU1UUSKYLw==",
      "license": "MIT",
      "peerDependencies": {
        "echarts": "^5.0.1"
      }
    },
    "node_modules/lodash": {
      "version": "4.18.1",
      "resolved": "https://registry.npmmirror.com/lodash/-/lodash-4.18.1.tgz",
      "integrity": "sha512-dMInicTPVE8d1e5otfwmmjlxkZoUpiVLwyeTdUsi/Caj/gfzzblBcCE5sRHV/AsjuCmxWrte2TNGSYuCeCq+0Q==",
      "license": "MIT"
    },
    "node_modules/moment": {
      "version": "2.30.1",
      "resolved": "https://registry.npmmirror.com/moment/-/moment-2.30.1.tgz",
      "integrity": "sha512-uEmtNhbDOrWPFS+hdjFCBfy9f2YoyzRpwcl+DqpC6taX21FzsTLQVbMV/W7PzNSX6x/bhC1zA3c2UQ5NzH6how==",
      "license": "MIT",
      "engines": {
        "node": "*"
      }
    },
    "node_modules/tslib": {
      "version": "2.3.0",
      "resolved": "https://registry.npmmirror.com/tslib/-/tslib-2.3.0.tgz",
      "integrity": "sha512-N82ooyxVNm6h1riLCoyS9e3fuJ3AMG2zIZs2Gd1ATcSFjSA23Q0fzjjZeh0jbJvWVDZ0cJT8yaNNaaXHzueNjg==",
      "license": "0BSD"
    },
    "node_modules/zrender": {
      "version": "6.0.0",
      "resolved": "https://registry.npmmirror.com/zrender/-/zrender-6.0.0.tgz",
      "integrity": "sha512-41dFXEEXuJpNecuUQq6JlbybmnHaqqpGlbH1yxnA5V9MMP4SbohSVZsJIwz+zdjQXSSlR1Vc34EgH1zxyTDvhg==",
      "license": "BSD-3-Clause",
      "dependencies": {
        "tslib": "2.3.0"
      }
    }
  }
}
